
Microsoft Visual Studio Solution File, Format Version 12.00
# Visual Studio Version 17
VisualStudioVersion = 17.9.34902.65
MinimumVisualStudioVersion = 10.0.40219.1
Project("{FAE04EC0-301F-11D3-BF4B-00C04F79EFBC}") = "MP4Convertor", "MP4Convertor\MP4Convertor.csproj", "{CA50617F-EC44-45D8-906F-4C172A1C2763}"
EndProject
Global
	GlobalSection(SolutionConfigurationPlatforms) = preSolution
		Debug|Any CPU = Debug|Any CPU
		Release|Any CPU = Release|Any CPU
	EndGlobalSection
	GlobalSection(ProjectConfigurationPlatforms) = postSolution
		{CA50617F-EC44-45D8-906F-4C172A1C2763}.Debug|Any CPU.ActiveCfg = Debug|Any CPU
		{CA50617F-EC44-45D8-906F-4C172A1C2763}.Debug|Any CPU.Build.0 = Debug|Any CPU
		{CA50617F-EC44-45D8-906F-4C172A1C2763}.Release|Any CPU.ActiveCfg = Release|Any CPU
		{CA50617F-EC44-45D8-906F-4C172A1C2763}.Release|Any CPU.Build.0 = Release|Any CPU
	EndGlobalSection
	GlobalSection(SolutionProperties) = preSolution
		HideSolutionNode = FALSE
	EndGlobalSection
	GlobalSection(ExtensibilityGlobals) = postSolution
		SolutionGuid = {873D41C6-E19A-4A7A-A97F-B70323170B85}
	EndGlobalSection
EndGlobal
